PODS:
  - Alamofire (5.0.2)
  - IGListDiffKit (4.0.0)
  - IGListKit (4.0.0):
    - IGListDiffKit (= 4.0.0)
  - Kingfisher (5.13.2):
    - Kingfisher/Core (= 5.13.2)
  - Kingfisher/Core (5.13.2)
  - ObjectMapper (3.5.1)

DEPENDENCIES:
  - Alamofire (~> 5.0)
  - IGListKit (~> 4.0.0)
  - Kingfisher (~> 5.0)
  - ObjectMapper (~> 3.4)

SPEC REPOS:
  https://github.com/cocoapods/specs.git:
    - Alamofire
    - IGListDiffKit
    - IGListKit
    - Kingfisher
    - ObjectMapper

SPEC CHECKSUMS:
  Alamofire: 3ba7a4db18b4f62c4a1c0e1cb39d7f3d52e10ada
  IGListDiffKit: 665d6cf43ce726e676013db9c7d6c4294259b6b2
  IGListKit: fd5a5d21935298f5849fa49d426843cff97b77c7
  Kingfisher: d342c8354c10c3d85a27d6d4c42c41285924b898
  ObjectMapper: 70187b8941977c62ccfb423caf6b50be405cabf0

PODFILE CHECKSUM: 79ef3e793e626eee95b0928fb38c2af5d4e1f9d8

COCOAPODS: 1.7.4
