// !$*UTF8*$!
{
	archiveVersion = 1;
	classes = {
	};
	objectVersion = 51;
	objects = {

/* Begin PBXBuildFile section */
		B18CDBBA63816DC4D46612C0 /* Pods_GithubUser.framework in Frameworks */ = {isa = PBXBuildFile; fileRef = D99BC889689B964154B293CF /* Pods_GithubUser.framework */; };
		B7B936AF2418939E000A3D16 /* AppDelegate.swift in Sources */ = {isa = PBXBuildFile; fileRef = B7B936AE2418939E000A3D16 /* AppDelegate.swift */; };
		B7B936B12418939E000A3D16 /* SceneDelegate.swift in Sources */ = {isa = PBXBuildFile; fileRef = B7B936B02418939E000A3D16 /* SceneDelegate.swift */; };
		B7B936B62418939E000A3D16 /* Main.storyboard in Resources */ = {isa = PBXBuildFile; fileRef = B7B936B42418939E000A3D16 /* Main.storyboard */; };
		B7B936B82418939F000A3D16 /* Assets.xcassets in Resources */ = {isa = PBXBuildFile; fileRef = B7B936B72418939F000A3D16 /* Assets.xcassets */; };
		B7B936BB2418939F000A3D16 /* LaunchScreen.storyboard in Resources */ = {isa = PBXBuildFile; fileRef = B7B936B92418939F000A3D16 /* LaunchScreen.storyboard */; };
		B7B936CC241894BF000A3D16 /* UserUsecase.swift in Sources */ = {isa = PBXBuildFile; fileRef = B7B936CB241894BF000A3D16 /* UserUsecase.swift */; };
		B7B936CE241894E2000A3D16 /* UserListViewController.swift in Sources */ = {isa = PBXBuildFile; fileRef = B7B936CD241894E2000A3D16 /* UserListViewController.swift */; };
		B7B936D0241894EE000A3D16 /* UserListViewModel.swift in Sources */ = {isa = PBXBuildFile; fileRef = B7B936CF241894EE000A3D16 /* UserListViewModel.swift */; };
		B7B936D2241894F8000A3D16 /* UserDetailsViewController.swift in Sources */ = {isa = PBXBuildFile; fileRef = B7B936D1241894F8000A3D16 /* UserDetailsViewController.swift */; };
		B7B936D424189501000A3D16 /* UserDetailsViewModel.swift in Sources */ = {isa = PBXBuildFile; fileRef = B7B936D324189501000A3D16 /* UserDetailsViewModel.swift */; };
		B7B936D62418951A000A3D16 /* UserFavoriteViewController.swift in Sources */ = {isa = PBXBuildFile; fileRef = B7B936D52418951A000A3D16 /* UserFavoriteViewController.swift */; };
		B7B936D824189526000A3D16 /* UserFavoriteViewModel.swift in Sources */ = {isa = PBXBuildFile; fileRef = B7B936D724189526000A3D16 /* UserFavoriteViewModel.swift */; };
		B7B936DE2418974E000A3D16 /* UserList.storyboard in Resources */ = {isa = PBXBuildFile; fileRef = B7B936DD2418974E000A3D16 /* UserList.storyboard */; };
		B7B936E02418975D000A3D16 /* UserFavorite.storyboard in Resources */ = {isa = PBXBuildFile; fileRef = B7B936DF2418975D000A3D16 /* UserFavorite.storyboard */; };
		B7B936E22418988B000A3D16 /* UserDetails.storyboard in Resources */ = {isa = PBXBuildFile; fileRef = B7B936E12418988B000A3D16 /* UserDetails.storyboard */; };
		B7B936E524189BF1000A3D16 /* User.swift in Sources */ = {isa = PBXBuildFile; fileRef = B7B936E424189BF1000A3D16 /* User.swift */; };
		B7B936E72418A5FB000A3D16 /* UserListSectionController.swift in Sources */ = {isa = PBXBuildFile; fileRef = B7B936E62418A5FB000A3D16 /* UserListSectionController.swift */; };
		B7B936EA2418A7EF000A3D16 /* UserItemCollectionViewCell.swift in Sources */ = {isa = PBXBuildFile; fileRef = B7B936E82418A7EF000A3D16 /* UserItemCollectionViewCell.swift */; };
		B7B936EB2418A7EF000A3D16 /* UserItemCollectionViewCell.xib in Resources */ = {isa = PBXBuildFile; fileRef = B7B936E92418A7EF000A3D16 /* UserItemCollectionViewCell.xib */; };
/* End PBXBuildFile section */

/* Begin PBXFileReference section */
		0AB485427C92BA6B494D4F6C /* Pods-GithubUser.release.xcconfig */ = {isa = PBXFileReference; includeInIndex = 1; lastKnownFileType = text.xcconfig; name = "Pods-GithubUser.release.xcconfig"; path = "Target Support Files/Pods-GithubUser/Pods-GithubUser.release.xcconfig"; sourceTree = "<group>"; };
		3E85D5E4F59F905551EB475A /* Pods-GithubUser.debug.xcconfig */ = {isa = PBXFileReference; includeInIndex = 1; lastKnownFileType = text.xcconfig; name = "Pods-GithubUser.debug.xcconfig"; path = "Target Support Files/Pods-GithubUser/Pods-GithubUser.debug.xcconfig"; sourceTree = "<group>"; };
		B7B936AB2418939E000A3D16 /* GithubUser.app */ = {isa = PBXFileReference; explicitFileType = wrapper.application; includeInIndex = 0; path = GithubUser.app; sourceTree = BUILT_PRODUCTS_DIR; };
		B7B936AE2418939E000A3D16 /* AppDelegate.swift */ = {isa = PBXFileReference; lastKnownFileType = sourcecode.swift; path = AppDelegate.swift; sourceTree = "<group>"; };
		B7B936B02418939E000A3D16 /* SceneDelegate.swift */ = {isa = PBXFileReference; lastKnownFileType = sourcecode.swift; path = SceneDelegate.swift; sourceTree = "<group>"; };
		B7B936B52418939E000A3D16 /* Base */ = {isa = PBXFileReference; lastKnownFileType = file.storyboard; name = Base; path = Base.lproj/Main.storyboard; sourceTree = "<group>"; };
		B7B936B72418939F000A3D16 /* Assets.xcassets */ = {isa = PBXFileReference; lastKnownFileType = folder.assetcatalog; path = Assets.xcassets; sourceTree = "<group>"; };
		B7B936BA2418939F000A3D16 /* Base */ = {isa = PBXFileReference; lastKnownFileType = file.storyboard; name = Base; path = Base.lproj/LaunchScreen.storyboard; sourceTree = "<group>"; };
		B7B936BC2418939F000A3D16 /* Info.plist */ = {isa = PBXFileReference; lastKnownFileType = text.plist.xml; path = Info.plist; sourceTree = "<group>"; };
		B7B936CB241894BF000A3D16 /* UserUsecase.swift */ = {isa = PBXFileReference; lastKnownFileType = sourcecode.swift; path = UserUsecase.swift; sourceTree = "<group>"; };
		B7B936CD241894E2000A3D16 /* UserListViewController.swift */ = {isa = PBXFileReference; lastKnownFileType = sourcecode.swift; path = UserListViewController.swift; sourceTree = "<group>"; };
		B7B936CF241894EE000A3D16 /* UserListViewModel.swift */ = {isa = PBXFileReference; lastKnownFileType = sourcecode.swift; path = UserListViewModel.swift; sourceTree = "<group>"; };
		B7B936D1241894F8000A3D16 /* UserDetailsViewController.swift */ = {isa = PBXFileReference; lastKnownFileType = sourcecode.swift; path = UserDetailsViewController.swift; sourceTree = "<group>"; };
		B7B936D324189501000A3D16 /* UserDetailsViewModel.swift */ = {isa = PBXFileReference; lastKnownFileType = sourcecode.swift; path = UserDetailsViewModel.swift; sourceTree = "<group>"; };
		B7B936D52418951A000A3D16 /* UserFavoriteViewController.swift */ = {isa = PBXFileReference; lastKnownFileType = sourcecode.swift; path = UserFavoriteViewController.swift; sourceTree = "<group>"; };
		B7B936D724189526000A3D16 /* UserFavoriteViewModel.swift */ = {isa = PBXFileReference; lastKnownFileType = sourcecode.swift; path = UserFavoriteViewModel.swift; sourceTree = "<group>"; };
		B7B936DD2418974E000A3D16 /* UserList.storyboard */ = {isa = PBXFileReference; lastKnownFileType = file.storyboard; path = UserList.storyboard; sourceTree = "<group>"; };
		B7B936DF2418975D000A3D16 /* UserFavorite.storyboard */ = {isa = PBXFileReference; lastKnownFileType = file.storyboard; path = UserFavorite.storyboard; sourceTree = "<group>"; };
		B7B936E12418988B000A3D16 /* UserDetails.storyboard */ = {isa = PBXFileReference; lastKnownFileType = file.storyboard; path = UserDetails.storyboard; sourceTree = "<group>"; };
		B7B936E424189BF1000A3D16 /* User.swift */ = {isa = PBXFileReference; lastKnownFileType = sourcecode.swift; path = User.swift; sourceTree = "<group>"; };
		B7B936E62418A5FB000A3D16 /* UserListSectionController.swift */ = {isa = PBXFileReference; lastKnownFileType = sourcecode.swift; path = UserListSectionController.swift; sourceTree = "<group>"; };
		B7B936E82418A7EF000A3D16 /* UserItemCollectionViewCell.swift */ = {isa = PBXFileReference; lastKnownFileType = sourcecode.swift; path = UserItemCollectionViewCell.swift; sourceTree = "<group>"; };
		B7B936E92418A7EF000A3D16 /* UserItemCollectionViewCell.xib */ = {isa = PBXFileReference; lastKnownFileType = file.xib; path = UserItemCollectionViewCell.xib; sourceTree = "<group>"; };
		D99BC889689B964154B293CF /* Pods_GithubUser.framework */ = {isa = PBXFileReference; explicitFileType = wrapper.framework; includeInIndex = 0; path = Pods_GithubUser.framework; sourceTree = BUILT_PRODUCTS_DIR; };
/* End PBXFileReference section */

/* Begin PBXFrameworksBuildPhase section */
		B7B936A82418939E000A3D16 /* Frameworks */ = {
			isa = PBXFrameworksBuildPhase;
			buildActionMask = 2147483647;
			files = (
				B18CDBBA63816DC4D46612C0 /* Pods_GithubUser.framework in Frameworks */,
			);
			runOnlyForDeploymentPostprocessing = 0;
		};
/* End PBXFrameworksBuildPhase section */

/* Begin PBXGroup section */
		593A4B936AF8871E6DFCFF17 /* Pods */ = {
			isa = PBXGroup;
			children = (
				3E85D5E4F59F905551EB475A /* Pods-GithubUser.debug.xcconfig */,
				0AB485427C92BA6B494D4F6C /* Pods-GithubUser.release.xcconfig */,
			);
			path = Pods;
			sourceTree = "<group>";
		};
		B7B936A22418939E000A3D16 = {
			isa = PBXGroup;
			children = (
				B7B936AD2418939E000A3D16 /* GithubUser */,
				B7B936AC2418939E000A3D16 /* Products */,
				593A4B936AF8871E6DFCFF17 /* Pods */,
				EC9429A88D2460414ED29C80 /* Frameworks */,
			);
			sourceTree = "<group>";
		};
		B7B936AC2418939E000A3D16 /* Products */ = {
			isa = PBXGroup;
			children = (
				B7B936AB2418939E000A3D16 /* GithubUser.app */,
			);
			name = Products;
			sourceTree = "<group>";
		};
		B7B936AD2418939E000A3D16 /* GithubUser */ = {
			isa = PBXGroup;
			children = (
				B7B936DB2418969B000A3D16 /* storyboards */,
				B7B936C224189423000A3D16 /* features */,
				B7B936AE2418939E000A3D16 /* AppDelegate.swift */,
				B7B936B02418939E000A3D16 /* SceneDelegate.swift */,
				B7B936B72418939F000A3D16 /* Assets.xcassets */,
				B7B936BC2418939F000A3D16 /* Info.plist */,
			);
			path = GithubUser;
			sourceTree = "<group>";
		};
		B7B936C224189423000A3D16 /* features */ = {
			isa = PBXGroup;
			children = (
				B7B936C32418942A000A3D16 /* user */,
			);
			path = features;
			sourceTree = "<group>";
		};
		B7B936C32418942A000A3D16 /* user */ = {
			isa = PBXGroup;
			children = (
				B7B936E324189BE0000A3D16 /* models */,
				B7B936D924189532000A3D16 /* components */,
				B7B936C42418946C000A3D16 /* scenes */,
				B7B936CB241894BF000A3D16 /* UserUsecase.swift */,
			);
			path = user;
			sourceTree = "<group>";
		};
		B7B936C42418946C000A3D16 /* scenes */ = {
			isa = PBXGroup;
			children = (
				B7B936C824189492000A3D16 /* list */,
				B7B936C924189496000A3D16 /* details */,
				B7B936CA2418949B000A3D16 /* favorite */,
			);
			path = scenes;
			sourceTree = "<group>";
		};
		B7B936C824189492000A3D16 /* list */ = {
			isa = PBXGroup;
			children = (
				B7B936CD241894E2000A3D16 /* UserListViewController.swift */,
				B7B936CF241894EE000A3D16 /* UserListViewModel.swift */,
				B7B936E62418A5FB000A3D16 /* UserListSectionController.swift */,
				B7B936DD2418974E000A3D16 /* UserList.storyboard */,
			);
			path = list;
			sourceTree = "<group>";
		};
		B7B936C924189496000A3D16 /* details */ = {
			isa = PBXGroup;
			children = (
				B7B936D1241894F8000A3D16 /* UserDetailsViewController.swift */,
				B7B936D324189501000A3D16 /* UserDetailsViewModel.swift */,
				B7B936E12418988B000A3D16 /* UserDetails.storyboard */,
			);
			path = details;
			sourceTree = "<group>";
		};
		B7B936CA2418949B000A3D16 /* favorite */ = {
			isa = PBXGroup;
			children = (
				B7B936D52418951A000A3D16 /* UserFavoriteViewController.swift */,
				B7B936D724189526000A3D16 /* UserFavoriteViewModel.swift */,
				B7B936DF2418975D000A3D16 /* UserFavorite.storyboard */,
			);
			path = favorite;
			sourceTree = "<group>";
		};
		B7B936D924189532000A3D16 /* components */ = {
			isa = PBXGroup;
			children = (
				B7B936DA2418953C000A3D16 /* user-item */,
			);
			path = components;
			sourceTree = "<group>";
		};
		B7B936DA2418953C000A3D16 /* user-item */ = {
			isa = PBXGroup;
			children = (
				B7B936E82418A7EF000A3D16 /* UserItemCollectionViewCell.swift */,
				B7B936E92418A7EF000A3D16 /* UserItemCollectionViewCell.xib */,
			);
			path = "user-item";
			sourceTree = "<group>";
		};
		B7B936DB2418969B000A3D16 /* storyboards */ = {
			isa = PBXGroup;
			children = (
				B7B936B92418939F000A3D16 /* LaunchScreen.storyboard */,
				B7B936B42418939E000A3D16 /* Main.storyboard */,
			);
			path = storyboards;
			sourceTree = "<group>";
		};
		B7B936E324189BE0000A3D16 /* models */ = {
			isa = PBXGroup;
			children = (
				B7B936E424189BF1000A3D16 /* User.swift */,
			);
			path = models;
			sourceTree = "<group>";
		};
		EC9429A88D2460414ED29C80 /* Frameworks */ = {
			isa = PBXGroup;
			children = (
				D99BC889689B964154B293CF /* Pods_GithubUser.framework */,
			);
			name = Frameworks;
			sourceTree = "<group>";
		};
/* End PBXGroup section */

/* Begin PBXNativeTarget section */
		B7B936AA2418939E000A3D16 /* GithubUser */ = {
			isa = PBXNativeTarget;
			buildConfigurationList = B7B936BF2418939F000A3D16 /* Build configuration list for PBXNativeTarget "GithubUser" */;
			buildPhases = (
				D7041F2C5637FD83D780AD6D /* [CP] Check Pods Manifest.lock */,
				B7B936A72418939E000A3D16 /* Sources */,
				B7B936A82418939E000A3D16 /* Frameworks */,
				B7B936A92418939E000A3D16 /* Resources */,
				5927ED39519C945B4C19795E /* [CP] Embed Pods Frameworks */,
			);
			buildRules = (
			);
			dependencies = (
			);
			name = GithubUser;
			productName = GithubUser;
			productReference = B7B936AB2418939E000A3D16 /* GithubUser.app */;
			productType = "com.apple.product-type.application";
		};
/* End PBXNativeTarget section */

/* Begin PBXProject section */
		B7B936A32418939E000A3D16 /* Project object */ = {
			isa = PBXProject;
			attributes = {
				LastSwiftUpdateCheck = 1130;
				LastUpgradeCheck = 1130;
				ORGANIZATIONNAME = "Khemmachat Thongkhum";
				TargetAttributes = {
					B7B936AA2418939E000A3D16 = {
						CreatedOnToolsVersion = 11.3.1;
					};
				};
			};
			buildConfigurationList = B7B936A62418939E000A3D16 /* Build configuration list for PBXProject "GithubUser" */;
			compatibilityVersion = "Xcode 9.3";
			developmentRegion = en;
			hasScannedForEncodings = 0;
			knownRegions = (
				en,
				Base,
			);
			mainGroup = B7B936A22418939E000A3D16;
			productRefGroup = B7B936AC2418939E000A3D16 /* Products */;
			projectDirPath = "";
			projectRoot = "";
			targets = (
				B7B936AA2418939E000A3D16 /* GithubUser */,
			);
		};
/* End PBXProject section */

/* Begin PBXResourcesBuildPhase section */
		B7B936A92418939E000A3D16 /* Resources */ = {
			isa = PBXResourcesBuildPhase;
			buildActionMask = 2147483647;
			files = (
				B7B936E22418988B000A3D16 /* UserDetails.storyboard in Resources */,
				B7B936E02418975D000A3D16 /* UserFavorite.storyboard in Resources */,
				B7B936EB2418A7EF000A3D16 /* UserItemCollectionViewCell.xib in Resources */,
				B7B936BB2418939F000A3D16 /* LaunchScreen.storyboard in Resources */,
				B7B936DE2418974E000A3D16 /* UserList.storyboard in Resources */,
				B7B936B82418939F000A3D16 /* Assets.xcassets in Resources */,
				B7B936B62418939E000A3D16 /* Main.storyboard in Resources */,
			);
			runOnlyForDeploymentPostprocessing = 0;
		};
/* End PBXResourcesBuildPhase section */

/* Begin PBXShellScriptBuildPhase section */
		5927ED39519C945B4C19795E /* [CP] Embed Pods Frameworks */ = {
			isa = PBXShellScriptBuildPhase;
			buildActionMask = 2147483647;
			files = (
			);
			inputFileListPaths = (
				"${PODS_ROOT}/Target Support Files/Pods-GithubUser/Pods-GithubUser-frameworks-${CONFIGURATION}-input-files.xcfilelist",
			);
			name = "[CP] Embed Pods Frameworks";
			outputFileListPaths = (
				"${PODS_ROOT}/Target Support Files/Pods-GithubUser/Pods-GithubUser-frameworks-${CONFIGURATION}-output-files.xcfilelist",
			);
			runOnlyForDeploymentPostprocessing = 0;
			shellPath = /bin/sh;
			shellScript = "\"${PODS_ROOT}/Target Support Files/Pods-GithubUser/Pods-GithubUser-frameworks.sh\"\n";
			showEnvVarsInLog = 0;
		};
		D7041F2C5637FD83D780AD6D /* [CP] Check Pods Manifest.lock */ = {
			isa = PBXShellScriptBuildPhase;
			buildActionMask = 2147483647;
			files = (
			);
			inputFileListPaths = (
			);
			inputPaths = (
				"${PODS_PODFILE_DIR_PATH}/Podfile.lock",
				"${PODS_ROOT}/Manifest.lock",
			);
			name = "[CP] Check Pods Manifest.lock";
			outputFileListPaths = (
			);
			outputPaths = (
				"$(DERIVED_FILE_DIR)/Pods-GithubUser-checkManifestLockResult.txt",
			);
			runOnlyForDeploymentPostprocessing = 0;
			shellPath = /bin/sh;
			shellScript = "diff \"${PODS_PODFILE_DIR_PATH}/Podfile.lock\" \"${PODS_ROOT}/Manifest.lock\" > /dev/null\nif [ $? != 0 ] ; then\n    # print error to STDERR\n    echo \"error: The sandbox is not in sync with the Podfile.lock. Run 'pod install' or update your CocoaPods installation.\" >&2\n    exit 1\nfi\n# This output is used by Xcode 'outputs' to avoid re-running this script phase.\necho \"SUCCESS\" > \"${SCRIPT_OUTPUT_FILE_0}\"\n";
			showEnvVarsInLog = 0;
		};
/* End PBXShellScriptBuildPhase section */

/* Begin PBXSourcesBuildPhase section */
		B7B936A72418939E000A3D16 /* Sources */ = {
			isa = PBXSourcesBuildPhase;
			buildActionMask = 2147483647;
			files = (
				B7B936D2241894F8000A3D16 /* UserDetailsViewController.swift in Sources */,
				B7B936D62418951A000A3D16 /* UserFavoriteViewController.swift in Sources */,
				B7B936CE241894E2000A3D16 /* UserListViewController.swift in Sources */,
				B7B936D824189526000A3D16 /* UserFavoriteViewModel.swift in Sources */,
				B7B936EA2418A7EF000A3D16 /* UserItemCollectionViewCell.swift in Sources */,
				B7B936D0241894EE000A3D16 /* UserListViewModel.swift in Sources */,
				B7B936CC241894BF000A3D16 /* UserUsecase.swift in Sources */,
				B7B936AF2418939E000A3D16 /* AppDelegate.swift in Sources */,
				B7B936D424189501000A3D16 /* UserDetailsViewModel.swift in Sources */,
				B7B936E524189BF1000A3D16 /* User.swift in Sources */,
				B7B936E72418A5FB000A3D16 /* UserListSectionController.swift in Sources */,
				B7B936B12418939E000A3D16 /* SceneDelegate.swift in Sources */,
			);
			runOnlyForDeploymentPostprocessing = 0;
		};
/* End PBXSourcesBuildPhase section */

/* Begin PBXVariantGroup section */
		B7B936B42418939E000A3D16 /* Main.storyboard */ = {
			isa = PBXVariantGroup;
			children = (
				B7B936B52418939E000A3D16 /* Base */,
			);
			name = Main.storyboard;
			sourceTree = "<group>";
		};
		B7B936B92418939F000A3D16 /* LaunchScreen.storyboard */ = {
			isa = PBXVariantGroup;
			children = (
				B7B936BA2418939F000A3D16 /* Base */,
			);
			name = LaunchScreen.storyboard;
			sourceTree = "<group>";
		};
/* End PBXVariantGroup section */

/* Begin XCBuildConfiguration section */
		B7B936BD2418939F000A3D16 /* Debug */ = {
			isa = XCBuildConfiguration;
			buildSettings = {
				ALWAYS_SEARCH_USER_PATHS = NO;
				CLANG_ANALYZER_NONNULL = YES;
				CLANG_ANALYZER_NUMBER_OBJECT_CONVERSION = YES_AGGRESSIVE;
				CLANG_CXX_LANGUAGE_STANDARD = "gnu++14";
				CLANG_CXX_LIBRARY = "libc++";
				CLANG_ENABLE_MODULES = YES;
				CLANG_ENABLE_OBJC_ARC = YES;
				CLANG_ENABLE_OBJC_WEAK = YES;
				CLANG_WARN_BLOCK_CAPTURE_AUTORELEASING = YES;
				CLANG_WARN_BOOL_CONVERSION = YES;
				CLANG_WARN_COMMA = YES;
				CLANG_WARN_CONSTANT_CONVERSION = YES;
				CLANG_WARN_DEPRECATED_OBJC_IMPLEMENTATIONS = YES;
				CLANG_WARN_DIRECT_OBJC_ISA_USAGE = YES_ERROR;
				CLANG_WARN_DOCUMENTATION_COMMENTS = YES;
				CLANG_WARN_EMPTY_BODY = YES;
				CLANG_WARN_ENUM_CONVERSION = YES;
				CLANG_WARN_INFINITE_RECURSION = YES;
				CLANG_WARN_INT_CONVERSION = YES;
				CLANG_WARN_NON_LITERAL_NULL_CONVERSION = YES;
				CLANG_WARN_OBJC_IMPLICIT_RETAIN_SELF = YES;
				CLANG_WARN_OBJC_LITERAL_CONVERSION = YES;
				CLANG_WARN_OBJC_ROOT_CLASS = YES_ERROR;
				CLANG_WARN_RANGE_LOOP_ANALYSIS = YES;
				CLANG_WARN_STRICT_PROTOTYPES = YES;
				CLANG_WARN_SUSPICIOUS_MOVE = YES;
				CLANG_WARN_UNGUARDED_AVAILABILITY = YES_AGGRESSIVE;
				CLANG_WARN_UNREACHABLE_CODE = YES;
				CLANG_WARN__DUPLICATE_METHOD_MATCH = YES;
				COPY_PHASE_STRIP = NO;
				DEBUG_INFORMATION_FORMAT = dwarf;
				ENABLE_STRICT_OBJC_MSGSEND = YES;
				ENABLE_TESTABILITY = YES;
				GCC_C_LANGUAGE_STANDARD = gnu11;
				GCC_DYNAMIC_NO_PIC = NO;
				GCC_NO_COMMON_BLOCKS = YES;
				GCC_OPTIMIZATION_LEVEL = 0;
				GCC_PREPROCESSOR_DEFINITIONS = (
					"DEBUG=1",
					"$(inherited)",
				);
				GCC_WARN_64_TO_32_BIT_CONVERSION = YES;
				GCC_WARN_ABOUT_RETURN_TYPE = YES_ERROR;
				GCC_WARN_UNDECLARED_SELECTOR = YES;
				GCC_WARN_UNINITIALIZED_AUTOS = YES_AGGRESSIVE;
				GCC_WARN_UNUSED_FUNCTION = YES;
				GCC_WARN_UNUSED_VARIABLE = YES;
				IPHONEOS_DEPLOYMENT_TARGET = 13.2;
				MTL_ENABLE_DEBUG_INFO = INCLUDE_SOURCE;
				MTL_FAST_MATH = YES;
				ONLY_ACTIVE_ARCH = YES;
				SDKROOT = iphoneos;
				SWIFT_ACTIVE_COMPILATION_CONDITIONS = DEBUG;
				SWIFT_OPTIMIZATION_LEVEL = "-Onone";
			};
			name = Debug;
		};
		B7B936BE2418939F000A3D16 /* Release */ = {
			isa = XCBuildConfiguration;
			buildSettings = {
				ALWAYS_SEARCH_USER_PATHS = NO;
				CLANG_ANALYZER_NONNULL = YES;
				CLANG_ANALYZER_NUMBER_OBJECT_CONVERSION = YES_AGGRESSIVE;
				CLANG_CXX_LANGUAGE_STANDARD = "gnu++14";
				CLANG_CXX_LIBRARY = "libc++";
				CLANG_ENABLE_MODULES = YES;
				CLANG_ENABLE_OBJC_ARC = YES;
				CLANG_ENABLE_OBJC_WEAK = YES;
				CLANG_WARN_BLOCK_CAPTURE_AUTORELEASING = YES;
				CLANG_WARN_BOOL_CONVERSION = YES;
				CLANG_WARN_COMMA = YES;
				CLANG_WARN_CONSTANT_CONVERSION = YES;
				CLANG_WARN_DEPRECATED_OBJC_IMPLEMENTATIONS = YES;
				CLANG_WARN_DIRECT_OBJC_ISA_USAGE = YES_ERROR;
				CLANG_WARN_DOCUMENTATION_COMMENTS = YES;
				CLANG_WARN_EMPTY_BODY = YES;
				CLANG_WARN_ENUM_CONVERSION = YES;
				CLANG_WARN_INFINITE_RECURSION = YES;
				CLANG_WARN_INT_CONVERSION = YES;
				CLANG_WARN_NON_LITERAL_NULL_CONVERSION = YES;
				CLANG_WARN_OBJC_IMPLICIT_RETAIN_SELF = YES;
				CLANG_WARN_OBJC_LITERAL_CONVERSION = YES;
				CLANG_WARN_OBJC_ROOT_CLASS = YES_ERROR;
				CLANG_WARN_RANGE_LOOP_ANALYSIS = YES;
				CLANG_WARN_STRICT_PROTOTYPES = YES;
				CLANG_WARN_SUSPICIOUS_MOVE = YES;
				CLANG_WARN_UNGUARDED_AVAILABILITY = YES_AGGRESSIVE;
				CLANG_WARN_UNREACHABLE_CODE = YES;
				CLANG_WARN__DUPLICATE_METHOD_MATCH = YES;
				COPY_PHASE_STRIP = NO;
				DEBUG_INFORMATION_FORMAT = "dwarf-with-dsym";
				ENABLE_NS_ASSERTIONS = NO;
				ENABLE_STRICT_OBJC_MSGSEND = YES;
				GCC_C_LANGUAGE_STANDARD = gnu11;
				GCC_NO_COMMON_BLOCKS = YES;
				GCC_WARN_64_TO_32_BIT_CONVERSION = YES;
				GCC_WARN_ABOUT_RETURN_TYPE = YES_ERROR;
				GCC_WARN_UNDECLARED_SELECTOR = YES;
				GCC_WARN_UNINITIALIZED_AUTOS = YES_AGGRESSIVE;
				GCC_WARN_UNUSED_FUNCTION = YES;
				GCC_WARN_UNUSED_VARIABLE = YES;
				IPHONEOS_DEPLOYMENT_TARGET = 13.2;
				MTL_ENABLE_DEBUG_INFO = NO;
				MTL_FAST_MATH = YES;
				SDKROOT = iphoneos;
				SWIFT_COMPILATION_MODE = wholemodule;
				SWIFT_OPTIMIZATION_LEVEL = "-O";
				VALIDATE_PRODUCT = YES;
			};
			name = Release;
		};
		B7B936C02418939F000A3D16 /* Debug */ = {
			isa = XCBuildConfiguration;
			baseConfigurationReference = 3E85D5E4F59F905551EB475A /* Pods-GithubUser.debug.xcconfig */;
			buildSettings = {
				ASSETCATALOG_COMPILER_APPICON_NAME = AppIcon;
				CODE_SIGN_STYLE = Automatic;
				DEVELOPMENT_TEAM = X6Q6J9E92E;
				INFOPLIST_FILE = GithubUser/Info.plist;
				LD_RUNPATH_SEARCH_PATHS = (
					"$(inherited)",
					"@executable_path/Frameworks",
				);
				PRODUCT_BUNDLE_IDENTIFIER = cocony.com.GithubUser;
				PRODUCT_NAME = "$(TARGET_NAME)";
				SWIFT_VERSION = 5.0;
				TARGETED_DEVICE_FAMILY = "1,2";
			};
			name = Debug;
		};
		B7B936C12418939F000A3D16 /* Release */ = {
			isa = XCBuildConfiguration;
			baseConfigurationReference = 0AB485427C92BA6B494D4F6C /* Pods-GithubUser.release.xcconfig */;
			buildSettings = {
				ASSETCATALOG_COMPILER_APPICON_NAME = AppIcon;
				CODE_SIGN_STYLE = Automatic;
				DEVELOPMENT_TEAM = X6Q6J9E92E;
				INFOPLIST_FILE = GithubUser/Info.plist;
				LD_RUNPATH_SEARCH_PATHS = (
					"$(inherited)",
					"@executable_path/Frameworks",
				);
				PRODUCT_BUNDLE_IDENTIFIER = cocony.com.GithubUser;
				PRODUCT_NAME = "$(TARGET_NAME)";
				SWIFT_VERSION = 5.0;
				TARGETED_DEVICE_FAMILY = "1,2";
			};
			name = Release;
		};
/* End XCBuildConfiguration section */

/* Begin XCConfigurationList section */
		B7B936A62418939E000A3D16 /* Build configuration list for PBXProject "GithubUser" */ = {
			isa = XCConfigurationList;
			buildConfigurations = (
				B7B936BD2418939F000A3D16 /* Debug */,
				B7B936BE2418939F000A3D16 /* Release */,
			);
			defaultConfigurationIsVisible = 0;
			defaultConfigurationName = Release;
		};
		B7B936BF2418939F000A3D16 /* Build configuration list for PBXNativeTarget "GithubUser" */ = {
			isa = XCConfigurationList;
			buildConfigurations = (
				B7B936C02418939F000A3D16 /* Debug */,
				B7B936C12418939F000A3D16 /* Release */,
			);
			defaultConfigurationIsVisible = 0;
			defaultConfigurationName = Release;
		};
/* End XCConfigurationList section */
	};
	rootObject = B7B936A32418939E000A3D16 /* Project object */;
}
